// !$*UTF8*$!
{
	archiveVersion = 1;
	classes = {
	};
	objectVersion = 46;
	objects = {

/* Begin PBXBuildFile section */
		FB01C3491A5AE22000977104 /* AppDelegate.swift in Sources */ = {isa = PBXBuildFile; fileRef = FB01C3481A5AE22000977104 /* AppDelegate.swift */; };
		FB01C34B1A5AE22000977104 /* ViewController.swift in Sources */ = {isa = PBXBuildFile; fileRef = FB01C34A1A5AE22000977104 /* ViewController.swift */; };
		FB01C34E1A5AE22000977104 /* Main.storyboard in Resources */ = {isa = PBXBuildFile; fileRef = FB01C34C1A5AE22000977104 /* Main.storyboard */; };
		FB01C3501A5AE22000977104 /* Images.xcassets in Resources */ = {isa = PBXBuildFile; fileRef = FB01C34F1A5AE22000977104 /* Images.xcassets */; };
		FB01C3531A5AE22000977104 /* LaunchScreen.xib in Resources */ = {isa = PBXBuildFile; fileRef = FB01C3511A5AE22000977104 /* LaunchScreen.xib */; };
		FB01C35F1A5AE22000977104 /* HelloWorldTests.swift in Sources */ = {isa = PBXBuildFile; fileRef = FB01C35E1A5AE22000977104 /* HelloWorldTests.swift */; };
/* End PBXBuildFile section */

/* Begin PBXContainerItemProxy section */
		FB01C3591A5AE22000977104 /* PBXContainerItemProxy */ = {
			isa = PBXContainerItemProxy;
			containerPortal = FB01C33B1A5AE21F00977104 /* Project object */;
			proxyType = 1;
			remoteGlobalIDString = FB01C3421A5AE21F00977104;
			remoteInfo = HelloWorld;
		};
/* End PBXContainerItemProxy section */

/* Begin PBXFileReference section */
		FB01C3431A5AE22000977104 /* HelloWorld.app */ = {isa = PBXFileReference; explicitFileType = wrapper.application; includeInIndex = 0; path = HelloWorld.app; sourceTree = BUILT_PRODUCTS_DIR; };
		FB01C3471A5AE22000977104 /* Info.plist */ = {isa = PBXFileReference; lastKnownFileType = text.plist.xml; path = Info.plist; sourceTree = "<group>"; };
		FB01C3481A5AE22000977104 /* AppDelegate.swift */ = {isa = PBXFileReference; lastKnownFileType = sourcecode.swift; path = AppDelegate.swift; sourceTree = "<group>"; };
		FB01C34A1A5AE22000977104 /* ViewController.swift */ = {isa = PBXFileReference; lastKnownFileType = sourcecode.swift; path = ViewController.swift; sourceTree = "<group>"; };
		FB01C34D1A5AE22000977104 /* Base */ = {isa = PBXFileReference; lastKnownFileType = file.storyboard; name = Base; path = Base.lproj/Main.storyboard; sourceTree = "<group>"; };
		FB01C34F1A5AE22000977104 /* Images.xcassets */ = {isa = PBXFileReference; lastKnownFileType = folder.assetcatalog; path = Images.xcassets; sourceTree = "<group>"; };
		FB01C3521A5AE22000977104 /* Base */ = {isa = PBXFileReference; lastKnownFileType = file.xib; name = Base; path = Base.lproj/LaunchScreen.xib; sourceTree = "<group>"; };
		FB01C3581A5AE22000977104 /* HelloWorldTests.xctest */ = {isa = PBXFileReference; explicitFileType = wrapper.cfbundle; includeInIndex = 0; path = HelloWorldTests.xctest; sourceTree = BUILT_PRODUCTS_DIR; };
		FB01C35D1A5AE22000977104 /* Info.plist */ = {isa = PBXFileReference; lastKnownFileType = text.plist.xml; path = Info.plist; sourceTree = "<group>"; };
		FB01C35E1A5AE22000977104 /* HelloWorldTests.swift */ = {isa = PBXFileReference; lastKnownFileType = sourcecode.swift; path = HelloWorldTests.swift; sourceTree = "<group>"; };
/* End PBXFileReference section */

/* Begin PBXFrameworksBuildPhase section */
		FB01C3401A5AE21F00977104 /* Frameworks */ = {
			isa = PBXFrameworksBuildPhase;
			buildActionMask = 2147483647;
			files = (
			);
			runOnlyForDeploymentPostprocessing = 0;
		};
		FB01C3551A5AE22000977104 /* Frameworks */ = {
			isa = PBXFrameworksBuildPhase;
			buildActionMask = 2147483647;
			files = (
			);
			runOnlyForDeploymentPostprocessing = 0;
		};
/* End PBXFrameworksBuildPhase section */

/* Begin PBXGroup section */
		FB01C33A1A5AE21F00977104 = {
			isa = PBXGroup;
			children = (
				FB01C3451A5AE22000977104 /* HelloWorld */,
				FB01C35B1A5AE22000977104 /* HelloWorldTests */,
				FB01C3441A5AE22000977104 /* Products */,
			);
			sourceTree = "<group>";
		};
		FB01C3441A5AE22000977104 /* Products */ = {
			isa = PBXGroup;
			children = (
				FB01C3431A5AE22000977104 /* HelloWorld.app */,
				FB01C3581A5AE22000977104 /* HelloWorldTests.xctest */,
			);
			name = Products;
			sourceTree = "<group>";
		};
		FB01C3451A5AE22000977104 /* HelloWorld */ = {
			isa = PBXGroup;
			children = (
				FB01C3481A5AE22000977104 /* AppDelegate.swift */,
				FB01C34A1A5AE22000977104 /* ViewController.swift */,
				FB01C34C1A5AE22000977104 /* Main.storyboard */,
				FB01C34F1A5AE22000977104 /* Images.xcassets */,
				FB01C3511A5AE22000977104 /* LaunchScreen.xib */,
				FB01C3461A5AE22000977104 /* Supporting Files */,
			);
			path = HelloWorld;
			sourceTree = "<group>";
		};
		FB01C3461A5AE22000977104 /* Supporting Files */ = {
			isa = PBXGroup;
			children = (
				FB01C3471A5AE22000977104 /* Info.plist */,
			);
			name = "Supporting Files";
			sourceTree = "<group>";
		};
		FB01C35B1A5AE22000977104 /* HelloWorldTests */ = {
			isa = PBXGroup;
			children = (
				FB01C35E1A5AE22000977104 /* HelloWorldTests.swift */,
				FB01C35C1A5AE22000977104 /* Supporting Files */,
			);
			path = HelloWorldTests;
			sourceTree = "<group>";
		};
		FB01C35C1A5AE22000977104 /* Supporting Files */ = {
			isa = PBXGroup;
			children = (
				FB01C35D1A5AE22000977104 /* Info.plist */,
			);
			name = "Supporting Files";
			sourceTree = "<group>";
		};
/* End PBXGroup section */

/* Begin PBXNativeTarget section */
		FB01C3421A5AE21F00977104 /* HelloWorld */ = {
			isa = PBXNativeTarget;
			buildConfigurationList = FB01C3621A5AE22000977104 /* Build configuration list for PBXNativeTarget "HelloWorld" */;
			buildPhases = (
				FB01C33F1A5AE21F00977104 /* Sources */,
				FB01C3401A5AE21F00977104 /* Frameworks */,
				FB01C3411A5AE21F00977104 /* Resources */,
			);
			buildRules = (
			);
			dependencies = (
			);
			name = HelloWorld;
			productName = HelloWorld;
			productReference = FB01C3431A5AE22000977104 /* HelloWorld.app */;
			productType = "com.apple.product-type.application";
		};
		FB01C3571A5AE22000977104 /* HelloWorldTests */ = {
			isa = PBXNativeTarget;
			buildConfigurationList = FB01C3651A5AE22000977104 /* Build configuration list for PBXNativeTarget "HelloWorldTests" */;
			buildPhases = (
				FB01C3541A5AE22000977104 /* Sources */,
				FB01C3551A5AE22000977104 /* Frameworks */,
				FB01C3561A5AE22000977104 /* Resources */,
			);
			buildRules = (
			);
			dependencies = (
				FB01C35A1A5AE22000977104 /* PBXTargetDependency */,
			);
			name = HelloWorldTests;
			productName = HelloWorldTests;
			productReference = FB01C3581A5AE22000977104 /* HelloWorldTests.xctest */;
			productType = "com.apple.product-type.bundle.unit-test";
		};
/* End PBXNativeTarget section */

/* Begin PBXProject section */
		FB01C33B1A5AE21F00977104 /* Project object */ = {
			isa = PBXProject;
			attributes = {
				LastUpgradeCheck = 0610;
				ORGANIZATIONNAME = "NUS CS3217";
				TargetAttributes = {
					FB01C3421A5AE21F00977104 = {
						CreatedOnToolsVersion = 6.1.1;
					};
					FB01C3571A5AE22000977104 = {
						CreatedOnToolsVersion = 6.1.1;
						TestTargetID = FB01C3421A5AE21F00977104;
					};
				};
			};
			buildConfigurationList = FB01C33E1A5AE21F00977104 /* Build configuration list for PBXProject "HelloWorld" */;
			compatibilityVersion = "Xcode 3.2";
			developmentRegion = English;
			hasScannedForEncodings = 0;
			knownRegions = (
				en,
				Base,
			);
			mainGroup = FB01C33A1A5AE21F00977104;
			productRefGroup = FB01C3441A5AE22000977104 /* Products */;
			projectDirPath = "";
			projectRoot = "";
			targets = (
				FB01C3421A5AE21F00977104 /* HelloWorld */,
				FB01C3571A5AE22000977104 /* HelloWorldTests */,
			);
		};
/* End PBXProject section */

/* Begin PBXResourcesBuildPhase section */
		FB01C3411A5AE21F00977104 /* Resources */ = {
			isa = PBXResourcesBuildPhase;
			buildActionMask = 2147483647;
			files = (
				FB01C34E1A5AE22000977104 /* Main.storyboard in Resources */,
				FB01C3531A5AE22000977104 /* LaunchScreen.xib in Resources */,
				FB01C3501A5AE22000977104 /* Images.xcassets in Resources */,
			);
			runOnlyForDeploymentPostprocessing = 0;
		};
		FB01C3561A5AE22000977104 /* Resources */ = {
			isa = PBXResourcesBuildPhase;
			buildActionMask = 2147483647;
			files = (
			);
			runOnlyForDeploymentPostprocessing = 0;
		};
/* End PBXResourcesBuildPhase section */

/* Begin PBXSourcesBuildPhase section */
		FB01C33F1A5AE21F00977104 /* Sources */ = {
			isa = PBXSourcesBuildPhase;
			buildActionMask = 2147483647;
			files = (
				FB01C34B1A5AE22000977104 /* ViewController.swift in Sources */,
				FB01C3491A5AE22000977104 /* AppDelegate.swift in Sources */,
			);
			runOnlyForDeploymentPostprocessing = 0;
		};
		FB01C3541A5AE22000977104 /* Sources */ = {
			isa = PBXSourcesBuildPhase;
			buildActionMask = 2147483647;
			files = (
				FB01C35F1A5AE22000977104 /* HelloWorldTests.swift in Sources */,
			);
			runOnlyForDeploymentPostprocessing = 0;
		};
/* End PBXSourcesBuildPhase section */

/* Begin PBXTargetDependency section */
		FB01C35A1A5AE22000977104 /* PBXTargetDependency */ = {
			isa = PBXTargetDependency;
			target = FB01C3421A5AE21F00977104 /* HelloWorld */;
			targetProxy = FB01C3591A5AE22000977104 /* PBXContainerItemProxy */;
		};
/* End PBXTargetDependency section */

/* Begin PBXVariantGroup section */
		FB01C34C1A5AE22000977104 /* Main.storyboard */ = {
			isa = PBXVariantGroup;
			children = (
				FB01C34D1A5AE22000977104 /* Base */,
			);
			name = Main.storyboard;
			sourceTree = "<group>";
		};
		FB01C3511A5AE22000977104 /* LaunchScreen.xib */ = {
			isa = PBXVariantGroup;
			children = (
				FB01C3521A5AE22000977104 /* Base */,
			);
			name = LaunchScreen.xib;
			sourceTree = "<group>";
		};
/* End PBXVariantGroup section */

/* Begin XCBuildConfiguration section */
		FB01C3601A5AE22000977104 /* Debug */ = {
			isa = XCBuildConfiguration;
			buildSettings = {
				ALWAYS_SEARCH_USER_PATHS = NO;
				CLANG_CXX_LANGUAGE_STANDARD = "gnu++0x";
				CLANG_CXX_LIBRARY = "libc++";
				CLANG_ENABLE_MODULES = YES;
				CLANG_ENABLE_OBJC_ARC = YES;
				CLANG_WARN_BOOL_CONVERSION = YES;
				CLANG_WARN_CONSTANT_CONVERSION = YES;
				CLANG_WARN_DIRECT_OBJC_ISA_USAGE = YES_ERROR;
				CLANG_WARN_EMPTY_BODY = YES;
				CLANG_WARN_ENUM_CONVERSION = YES;
				CLANG_WARN_INT_CONVERSION = YES;
				CLANG_WARN_OBJC_ROOT_CLASS = YES_ERROR;
				CLANG_WARN_UNREACHABLE_CODE = YES;
				CLANG_WARN__DUPLICATE_METHOD_MATCH = YES;
				"CODE_SIGN_IDENTITY[sdk=iphoneos*]" = "iPhone Developer";
				COPY_PHASE_STRIP = NO;
				ENABLE_STRICT_OBJC_MSGSEND = YES;
				GCC_C_LANGUAGE_STANDARD = gnu99;
				GCC_DYNAMIC_NO_PIC = NO;
				GCC_OPTIMIZATION_LEVEL = 0;
				GCC_PREPROCESSOR_DEFINITIONS = (
					"DEBUG=1",
					"$(inherited)",
				);
				GCC_SYMBOLS_PRIVATE_EXTERN = NO;
				GCC_WARN_64_TO_32_BIT_CONVERSION = YES;
				GCC_WARN_ABOUT_RETURN_TYPE = YES_ERROR;
				GCC_WARN_UNDECLARED_SELECTOR = YES;
				GCC_WARN_UNINITIALIZED_AUTOS = YES_AGGRESSIVE;
				GCC_WARN_UNUSED_FUNCTION = YES;
				GCC_WARN_UNUSED_VARIABLE = YES;
				IPHONEOS_DEPLOYMENT_TARGET = 8.1;
				MTL_ENABLE_DEBUG_INFO = YES;
				ONLY_ACTIVE_ARCH = YES;
				SDKROOT = iphoneos;
				SWIFT_OPTIMIZATION_LEVEL = "-Onone";
				TARGETED_DEVICE_FAMILY = 2;
			};
			name = Debug;
		};
		FB01C3611A5AE22000977104 /* Release */ = {
			isa = XCBuildConfiguration;
			buildSettings = {
				ALWAYS_SEARCH_USER_PATHS = NO;
				CLANG_CXX_LANGUAGE_STANDARD = "gnu++0x";
				CLANG_CXX_LIBRARY = "libc++";
				CLANG_ENABLE_MODULES = YES;
				CLANG_ENABLE_OBJC_ARC = YES;
				CLANG_WARN_BOOL_CONVERSION = YES;
				CLANG_WARN_CONSTANT_CONVERSION = YES;
				CLANG_WARN_DIRECT_OBJC_ISA_USAGE = YES_ERROR;
				CLANG_WARN_EMPTY_BODY = YES;
				CLANG_WARN_ENUM_CONVERSION = YES;
				CLANG_WARN_INT_CONVERSION = YES;
				CLANG_WARN_OBJC_ROOT_CLASS = YES_ERROR;
				CLANG_WARN_UNREACHABLE_CODE = YES;
				CLANG_WARN__DUPLICATE_METHOD_MATCH = YES;
				"CODE_SIGN_IDENTITY[sdk=iphoneos*]" = "iPhone Developer";
				COPY_PHASE_STRIP = YES;
				ENABLE_NS_ASSERTIONS = NO;
				ENABLE_STRICT_OBJC_MSGSEND = YES;
				GCC_C_LANGUAGE_STANDARD = gnu99;
				GCC_WARN_64_TO_32_BIT_CONVERSION = YES;
				GCC_WARN_ABOUT_RETURN_TYPE = YES_ERROR;
				GCC_WARN_UNDECLARED_SELECTOR = YES;
				GCC_WARN_UNINITIALIZED_AUTOS = YES_AGGRESSIVE;
				GCC_WARN_UNUSED_FUNCTION = YES;
				GCC_WARN_UNUSED_VARIABLE = YES;
				IPHONEOS_DEPLOYMENT_TARGET = 8.1;
				MTL_ENABLE_DEBUG_INFO = NO;
				SDKROOT = iphoneos;
				TARGETED_DEVICE_FAMILY = 2;
				VALIDATE_PRODUCT = YES;
			};
			name = Release;
		};
		FB01C3631A5AE22000977104 /* Debug */ = {
			isa = XCBuildConfiguration;
			buildSettings = {
				ASSETCATALOG_COMPILER_APPICON_NAME = AppIcon;
				INFOPLIST_FILE = HelloWorld/Info.plist;
				LD_RUNPATH_SEARCH_PATHS = "$(inherited) @executable_path/Frameworks";
				PRODUCT_NAME = "$(TARGET_NAME)";
			};
			name = Debug;
		};
		FB01C3641A5AE22000977104 /* Release */ = {
			isa = XCBuildConfiguration;
			buildSettings = {
				ASSETCATALOG_COMPILER_APPICON_NAME = AppIcon;
				INFOPLIST_FILE = HelloWorld/Info.plist;
				LD_RUNPATH_SEARCH_PATHS = "$(inherited) @executable_path/Frameworks";
				PRODUCT_NAME = "$(TARGET_NAME)";
			};
			name = Release;
		};
		FB01C3661A5AE22000977104 /* Debug */ = {
			isa = XCBuildConfiguration;
			buildSettings = {
				BUNDLE_LOADER = "$(TEST_HOST)";
				FRAMEWORK_SEARCH_PATHS = (
					"$(SDKROOT)/Developer/Library/Frameworks",
					"$(inherited)",
				);
				GCC_PREPROCESSOR_DEFINITIONS = (
					"DEBUG=1",
					"$(inherited)",
				);
				INFOPLIST_FILE = HelloWorldTests/Info.plist;
				LD_RUNPATH_SEARCH_PATHS = "$(inherited) @executable_path/Frameworks @loader_path/Frameworks";
				PRODUCT_NAME = "$(TARGET_NAME)";
				TEST_HOST = "$(BUILT_PRODUCTS_DIR)/HelloWorld.app/HelloWorld";
			};
			name = Debug;
		};
		FB01C3671A5AE22000977104 /* Release */ = {
			isa = XCBuildConfiguration;
			buildSettings = {
				BUNDLE_LOADER = "$(TEST_HOST)";
				FRAMEWORK_SEARCH_PATHS = (
					"$(SDKROOT)/Developer/Library/Frameworks",
					"$(inherited)",
				);
				INFOPLIST_FILE = HelloWorldTests/Info.plist;
				LD_RUNPATH_SEARCH_PATHS = "$(inherited) @executable_path/Frameworks @loader_path/Frameworks";
				PRODUCT_NAME = "$(TARGET_NAME)";
				TEST_HOST = "$(BUILT_PRODUCTS_DIR)/HelloWorld.app/HelloWorld";
			};
			name = Release;
		};
/* End XCBuildConfiguration section */

/* Begin XCConfigurationList section */
		FB01C33E1A5AE21F00977104 /* Build configuration list for PBXProject "HelloWorld" */ = {
			isa = XCConfigurationList;
			buildConfigurations = (
				FB01C3601A5AE22000977104 /* Debug */,
				FB01C3611A5AE22000977104 /* Release */,
			);
			defaultConfigurationIsVisible = 0;
			defaultConfigurationName = Release;
		};
		FB01C3621A5AE22000977104 /* Build configuration list for PBXNativeTarget "HelloWorld" */ = {
			isa = XCConfigurationList;
			buildConfigurations = (
				FB01C3631A5AE22000977104 /* Debug */,
				FB01C3641A5AE22000977104 /* Release */,
			);
			defaultConfigurationIsVisible = 0;
		};
		FB01C3651A5AE22000977104 /* Build configuration list for PBXNativeTarget "HelloWorldTests" */ = {
			isa = XCConfigurationList;
			buildConfigurations = (
				FB01C3661A5AE22000977104 /* Debug */,
				FB01C3671A5AE22000977104 /* Release */,
			);
			defaultConfigurationIsVisible = 0;
		};
/* End XCConfigurationList section */
	};
	rootObject = FB01C33B1A5AE21F00977104 /* Project object */;
}
